
Microsoft Visual Studio Solution File, Format Version 12.00
# Visual Studio Version 17
VisualStudioVersion = 17.6.33829.357
MinimumVisualStudioVersion = 10.0.40219.1
Project("{FAE04EC0-301F-11D3-BF4B-00C04F79EFBC}") = "Quanlythuvien", "Quanlythuvien\Quanlythuvien.csproj", "{7A753F13-164B-40F2-8597-9E2CCA7942C6}"
EndProject
Global
	GlobalSection(SolutionConfigurationPlatforms) = preSolution
		Debug|Any CPU = Debug|Any CPU
		Release|Any CPU = Release|Any CPU
	EndGlobalSection
	GlobalSection(ProjectConfigurationPlatforms) = postSolution
		{7A753F13-164B-40F2-8597-9E2CCA7942C6}.Debug|Any CPU.ActiveCfg = Debug|Any CPU
		{7A753F13-164B-40F2-8597-9E2CCA7942C6}.Debug|Any CPU.Build.0 = Debug|Any CPU
		{7A753F13-164B-40F2-8597-9E2CCA7942C6}.Release|Any CPU.ActiveCfg = Release|Any CPU
		{7A753F13-164B-40F2-8597-9E2CCA7942C6}.Release|Any CPU.Build.0 = Release|Any CPU
	EndGlobalSection
	GlobalSection(SolutionProperties) = preSolution
		HideSolutionNode = FALSE
	EndGlobalSection
	GlobalSection(ExtensibilityGlobals) = postSolution
		SolutionGuid = {0A80C6D2-CA79-4991-8BD9-C054935F1B0A}
	EndGlobalSection
EndGlobal
